
Microsoft Visual Studio Solution File, Format Version 12.00
# Visual Studio Version 17
VisualStudioVersion = 17.0.32014.148
MinimumVisualStudioVersion = 10.0.40219.1
Project("{FAE04EC0-301F-11D3-BF4B-00C04F79EFBC}") = "Refit_UI_App", "Refit_UI_App\Refit_UI_App.csproj", "{C66086E9-E08B-4B41-A3A5-26F3D5AAAD62}"
EndProject
Global
	GlobalSection(SolutionConfigurationPlatforms) = preSolution
		Debug|Any CPU = Debug|Any CPU
		Release|Any CPU = Release|Any CPU
	EndGlobalSection
	GlobalSection(ProjectConfigurationPlatforms) = postSolution
		{C66086E9-E08B-4B41-A3A5-26F3D5AAAD62}.Debug|Any CPU.ActiveCfg = Debug|Any CPU
		{C66086E9-E08B-4B41-A3A5-26F3D5AAAD62}.Debug|Any CPU.Build.0 = Debug|Any CPU
		{C66086E9-E08B-4B41-A3A5-26F3D5AAAD62}.Release|Any CPU.ActiveCfg = Release|Any CPU
		{C66086E9-E08B-4B41-A3A5-26F3D5AAAD62}.Release|Any CPU.Build.0 = Release|Any CPU
	EndGlobalSection
	GlobalSection(SolutionProperties) = preSolution
		HideSolutionNode = FALSE
	EndGlobalSection
	GlobalSection(ExtensibilityGlobals) = postSolution
		SolutionGuid = {912B84B7-01A3-47D8-8E1E-F28405802C20}
	EndGlobalSection
EndGlobal
